
Microsoft Visual Studio Solution File, Format Version 12.00
# Visual Studio Version 17
VisualStudioVersion = 17.3.32901.215
MinimumVisualStudioVersion = 10.0.40219.1
Project("{9A19103F-16F7-4668-BE54-9A1E7A4F7556}") = "BootstrapBlazorCRD.Server", "BootstrapBlazorCRD\BootstrapBlazorCRD.Server\BootstrapBlazorCRD.Server.csproj", "{698F57D0-D733-40CA-A52E-4548F6761964}"
EndProject
Project("{9A19103F-16F7-4668-BE54-9A1E7A4F7556}") = "BootstrapBlazorCRD.Shared", "BootstrapBlazorCRD\BootstrapBlazorCRD.Shared\BootstrapBlazorCRD.Shared.csproj", "{3D05015F-ABE9-4CED-955B-40D3578E7048}"
EndProject
Global
	GlobalSection(SolutionConfigurationPlatforms) = preSolution
		Debug|Any CPU = Debug|Any CPU
		Release|Any CPU = Release|Any CPU
	EndGlobalSection
	GlobalSection(ProjectConfigurationPlatforms) = postSolution
		{698F57D0-D733-40CA-A52E-4548F6761964}.Debug|Any CPU.ActiveCfg = Debug|Any CPU
		{698F57D0-D733-40CA-A52E-4548F6761964}.Debug|Any CPU.Build.0 = Debug|Any CPU
		{698F57D0-D733-40CA-A52E-4548F6761964}.Release|Any CPU.ActiveCfg = Release|Any CPU
		{698F57D0-D733-40CA-A52E-4548F6761964}.Release|Any CPU.Build.0 = Release|Any CPU
		{3D05015F-ABE9-4CED-955B-40D3578E7048}.Debug|Any CPU.ActiveCfg = Debug|Any CPU
		{3D05015F-ABE9-4CED-955B-40D3578E7048}.Debug|Any CPU.Build.0 = Debug|Any CPU
		{3D05015F-ABE9-4CED-955B-40D3578E7048}.Release|Any CPU.ActiveCfg = Release|Any CPU
		{3D05015F-ABE9-4CED-955B-40D3578E7048}.Release|Any CPU.Build.0 = Release|Any CPU
	EndGlobalSection
	GlobalSection(SolutionProperties) = preSolution
		HideSolutionNode = FALSE
	EndGlobalSection
	GlobalSection(ExtensibilityGlobals) = postSolution
		SolutionGuid = {18489AD9-CC14-49FE-92D0-B1B3C3FD00DC}
	EndGlobalSection
EndGlobal
